
Microsoft Visual Studio Solution File, Format Version 12.00
# Visual Studio Version 16
VisualStudioVersion = 16.0.29424.173
MinimumVisualStudioVersion = 10.0.40219.1
Project("{FAE04EC0-301F-11D3-BF4B-00C04F79EFBC}") = "OneLifeDurban.API.WebService", "OneLifeDurban.API.WebService\OneLifeDurban.API.WebService.csproj", "{9B7DD2F2-F5BB-4283-8748-888EC5E8396E}"
EndProject
Project("{FAE04EC0-301F-11D3-BF4B-00C04F79EFBC}") = "OneLifeDurban.API.Models", "OneLifeDurban.API.Models\OneLifeDurban.API.Models.csproj", "{0AFF4666-A28C-41E9-A102-6CA081BA7392}"
EndProject
Project("{FAE04EC0-301F-11D3-BF4B-00C04F79EFBC}") = "OneLifeDurban.API.DataAccess", "OneLifeDurban.API.DataAccess\OneLifeDurban.API.DataAccess.csproj", "{FBE9192D-0D73-4563-91C7-FE7E5FBB096E}"
EndProject
Project("{FAE04EC0-301F-11D3-BF4B-00C04F79EFBC}") = "OneLifeDurban.API.Logic", "OneLifeDurban.API.Logic\OneLifeDurban.API.Logic.csproj", "{E79DC469-1766-4ED8-B8A2-E878FCA7F443}"
EndProject
Project("{2150E333-8FDC-42A3-9474-1A3956D46DE8}") = "Shared", "Shared", "{23FD5B99-609A-45A8-A158-C677967B7E91}"
EndProject
Project("{2150E333-8FDC-42A3-9474-1A3956D46DE8}") = "Web", "Web", "{7BE2F514-13AF-4DF8-8CDD-25D5DB09A56B}"
EndProject
Global
	GlobalSection(SolutionConfigurationPlatforms) = preSolution
		Debug|Any CPU = Debug|Any CPU
		Release|Any CPU = Release|Any CPU
	EndGlobalSection
	GlobalSection(ProjectConfigurationPlatforms) = postSolution
		{9B7DD2F2-F5BB-4283-8748-888EC5E8396E}.Debug|Any CPU.ActiveCfg = Debug|Any CPU
		{9B7DD2F2-F5BB-4283-8748-888EC5E8396E}.Debug|Any CPU.Build.0 = Debug|Any CPU
		{9B7DD2F2-F5BB-4283-8748-888EC5E8396E}.Release|Any CPU.ActiveCfg = Release|Any CPU
		{9B7DD2F2-F5BB-4283-8748-888EC5E8396E}.Release|Any CPU.Build.0 = Release|Any CPU
		{0AFF4666-A28C-41E9-A102-6CA081BA7392}.Debug|Any CPU.ActiveCfg = Debug|Any CPU
		{0AFF4666-A28C-41E9-A102-6CA081BA7392}.Debug|Any CPU.Build.0 = Debug|Any CPU
		{0AFF4666-A28C-41E9-A102-6CA081BA7392}.Release|Any CPU.ActiveCfg = Release|Any CPU
		{0AFF4666-A28C-41E9-A102-6CA081BA7392}.Release|Any CPU.Build.0 = Release|Any CPU
		{FBE9192D-0D73-4563-91C7-FE7E5FBB096E}.Debug|Any CPU.ActiveCfg = Debug|Any CPU
		{FBE9192D-0D73-4563-91C7-FE7E5FBB096E}.Debug|Any CPU.Build.0 = Debug|Any CPU
		{FBE9192D-0D73-4563-91C7-FE7E5FBB096E}.Release|Any CPU.ActiveCfg = Release|Any CPU
		{FBE9192D-0D73-4563-91C7-FE7E5FBB096E}.Release|Any CPU.Build.0 = Release|Any CPU
		{E79DC469-1766-4ED8-B8A2-E878FCA7F443}.Debug|Any CPU.ActiveCfg = Debug|Any CPU
		{E79DC469-1766-4ED8-B8A2-E878FCA7F443}.Debug|Any CPU.Build.0 = Debug|Any CPU
		{E79DC469-1766-4ED8-B8A2-E878FCA7F443}.Release|Any CPU.ActiveCfg = Release|Any CPU
		{E79DC469-1766-4ED8-B8A2-E878FCA7F443}.Release|Any CPU.Build.0 = Release|Any CPU
		{6817F544-083F-4D72-A4A1-2CDC40A00F8F}.Debug|Any CPU.ActiveCfg = Debug|Any CPU
		{6817F544-083F-4D72-A4A1-2CDC40A00F8F}.Debug|Any CPU.Build.0 = Debug|Any CPU
		{6817F544-083F-4D72-A4A1-2CDC40A00F8F}.Release|Any CPU.ActiveCfg = Release|Any CPU
		{6817F544-083F-4D72-A4A1-2CDC40A00F8F}.Release|Any CPU.Build.0 = Release|Any CPU
		{F0A10F88-46C8-4869-A802-6DABDC6A7F0F}.Debug|Any CPU.ActiveCfg = Debug|Any CPU
		{F0A10F88-46C8-4869-A802-6DABDC6A7F0F}.Debug|Any CPU.Build.0 = Debug|Any CPU
		{F0A10F88-46C8-4869-A802-6DABDC6A7F0F}.Release|Any CPU.ActiveCfg = Release|Any CPU
		{F0A10F88-46C8-4869-A802-6DABDC6A7F0F}.Release|Any CPU.Build.0 = Release|Any CPU
		{5F5B8138-C47F-408A-8F09-06D8713F0409}.Debug|Any CPU.ActiveCfg = Debug|Any CPU
		{5F5B8138-C47F-408A-8F09-06D8713F0409}.Debug|Any CPU.Build.0 = Debug|Any CPU
		{5F5B8138-C47F-408A-8F09-06D8713F0409}.Release|Any CPU.ActiveCfg = Release|Any CPU
		{5F5B8138-C47F-408A-8F09-06D8713F0409}.Release|Any CPU.Build.0 = Release|Any CPU
		{B02D2B31-5412-412E-AA7A-C20B306029FC}.Debug|Any CPU.ActiveCfg = Debug|Any CPU
		{B02D2B31-5412-412E-AA7A-C20B306029FC}.Debug|Any CPU.Build.0 = Debug|Any CPU
		{B02D2B31-5412-412E-AA7A-C20B306029FC}.Release|Any CPU.ActiveCfg = Release|Any CPU
		{B02D2B31-5412-412E-AA7A-C20B306029FC}.Release|Any CPU.Build.0 = Release|Any CPU
		{A52DE986-8764-4291-A67F-1925D437C457}.Debug|Any CPU.ActiveCfg = Debug|Any CPU
		{A52DE986-8764-4291-A67F-1925D437C457}.Debug|Any CPU.Build.0 = Debug|Any CPU
		{A52DE986-8764-4291-A67F-1925D437C457}.Release|Any CPU.ActiveCfg = Release|Any CPU
		{A52DE986-8764-4291-A67F-1925D437C457}.Release|Any CPU.Build.0 = Release|Any CPU
		{680EC018-8AD5-45AE-9AA1-6E75A87D0759}.Debug|Any CPU.ActiveCfg = Debug|Any CPU
		{680EC018-8AD5-45AE-9AA1-6E75A87D0759}.Debug|Any CPU.Build.0 = Debug|Any CPU
		{680EC018-8AD5-45AE-9AA1-6E75A87D0759}.Release|Any CPU.ActiveCfg = Release|Any CPU
		{680EC018-8AD5-45AE-9AA1-6E75A87D0759}.Release|Any CPU.Build.0 = Release|Any CPU
		{07D5891F-7D70-4F66-B797-153B36CC3099}.Debug|Any CPU.ActiveCfg = Debug|Any CPU
		{07D5891F-7D70-4F66-B797-153B36CC3099}.Debug|Any CPU.Build.0 = Debug|Any CPU
		{07D5891F-7D70-4F66-B797-153B36CC3099}.Release|Any CPU.ActiveCfg = Release|Any CPU
		{07D5891F-7D70-4F66-B797-153B36CC3099}.Release|Any CPU.Build.0 = Release|Any CPU
		{F24A06D1-A49A-482C-A0C0-11AB8EBBC8AD}.Debug|Any CPU.ActiveCfg = Debug|Any CPU
		{F24A06D1-A49A-482C-A0C0-11AB8EBBC8AD}.Debug|Any CPU.Build.0 = Debug|Any CPU
		{F24A06D1-A49A-482C-A0C0-11AB8EBBC8AD}.Release|Any CPU.ActiveCfg = Release|Any CPU
		{F24A06D1-A49A-482C-A0C0-11AB8EBBC8AD}.Release|Any CPU.Build.0 = Release|Any CPU
		{D5EA8C8F-B538-4648-9B45-5A20F298273A}.Debug|Any CPU.ActiveCfg = Debug|Any CPU
		{D5EA8C8F-B538-4648-9B45-5A20F298273A}.Debug|Any CPU.Build.0 = Debug|Any CPU
		{D5EA8C8F-B538-4648-9B45-5A20F298273A}.Release|Any CPU.ActiveCfg = Release|Any CPU
		{D5EA8C8F-B538-4648-9B45-5A20F298273A}.Release|Any CPU.Build.0 = Release|Any CPU
		{83257849-D5A0-4176-A86A-E90BCCD8435F}.Debug|Any CPU.ActiveCfg = Debug|Any CPU
		{83257849-D5A0-4176-A86A-E90BCCD8435F}.Debug|Any CPU.Build.0 = Debug|Any CPU
		{83257849-D5A0-4176-A86A-E90BCCD8435F}.Release|Any CPU.ActiveCfg = Release|Any CPU
		{83257849-D5A0-4176-A86A-E90BCCD8435F}.Release|Any CPU.Build.0 = Release|Any CPU
		{A31CE1E1-2EE9-4860-8724-21693C15E732}.Debug|Any CPU.ActiveCfg = Debug|Any CPU
		{A31CE1E1-2EE9-4860-8724-21693C15E732}.Debug|Any CPU.Build.0 = Debug|Any CPU
		{A31CE1E1-2EE9-4860-8724-21693C15E732}.Release|Any CPU.ActiveCfg = Release|Any CPU
		{A31CE1E1-2EE9-4860-8724-21693C15E732}.Release|Any CPU.Build.0 = Release|Any CPU
		{9EF51ECB-8A04-41E1-B7BC-36F0DC4EF700}.Debug|Any CPU.ActiveCfg = Debug|Any CPU
		{9EF51ECB-8A04-41E1-B7BC-36F0DC4EF700}.Debug|Any CPU.Build.0 = Debug|Any CPU
		{9EF51ECB-8A04-41E1-B7BC-36F0DC4EF700}.Release|Any CPU.ActiveCfg = Release|Any CPU
		{9EF51ECB-8A04-41E1-B7BC-36F0DC4EF700}.Release|Any CPU.Build.0 = Release|Any CPU
	EndGlobalSection
	GlobalSection(SolutionProperties) = preSolution
		HideSolutionNode = FALSE
	EndGlobalSection
	GlobalSection(NestedProjects) = preSolution
		{9B7DD2F2-F5BB-4283-8748-888EC5E8396E} = {7BE2F514-13AF-4DF8-8CDD-25D5DB09A56B}
		{0AFF4666-A28C-41E9-A102-6CA081BA7392} = {23FD5B99-609A-45A8-A158-C677967B7E91}
		{FBE9192D-0D73-4563-91C7-FE7E5FBB096E} = {23FD5B99-609A-45A8-A158-C677967B7E91}
		{E79DC469-1766-4ED8-B8A2-E878FCA7F443} = {23FD5B99-609A-45A8-A158-C677967B7E91}
		{6817F544-083F-4D72-A4A1-2CDC40A00F8F} = {9B6652C7-231A-4A03-88AF-FBED51F49605}
		{F0A10F88-46C8-4869-A802-6DABDC6A7F0F} = {CDFA218E-7CAA-42A1-9751-A865CD977C12}
		{5F5B8138-C47F-408A-8F09-06D8713F0409} = {9B6652C7-231A-4A03-88AF-FBED51F49605}
		{B02D2B31-5412-412E-AA7A-C20B306029FC} = {9B6652C7-231A-4A03-88AF-FBED51F49605}
		{A52DE986-8764-4291-A67F-1925D437C457} = {9B6652C7-231A-4A03-88AF-FBED51F49605}
		{680EC018-8AD5-45AE-9AA1-6E75A87D0759} = {23FD5B99-609A-45A8-A158-C677967B7E91}
		{07D5891F-7D70-4F66-B797-153B36CC3099} = {0D606E0B-9F5A-4C6A-AEB4-04D28E9896A6}
		{F24A06D1-A49A-482C-A0C0-11AB8EBBC8AD} = {0D606E0B-9F5A-4C6A-AEB4-04D28E9896A6}
		{D5EA8C8F-B538-4648-9B45-5A20F298273A} = {9B6652C7-231A-4A03-88AF-FBED51F49605}
		{83257849-D5A0-4176-A86A-E90BCCD8435F} = {9B6652C7-231A-4A03-88AF-FBED51F49605}
		{A31CE1E1-2EE9-4860-8724-21693C15E732} = {7BE2F514-13AF-4DF8-8CDD-25D5DB09A56B}
		{9EF51ECB-8A04-41E1-B7BC-36F0DC4EF700} = {9B6652C7-231A-4A03-88AF-FBED51F49605}
	EndGlobalSection
	GlobalSection(ExtensibilityGlobals) = postSolution
		SolutionGuid = {74DC9FAD-015C-4DC2-A4D3-FF9D169D43D2}
	EndGlobalSection
EndGlobal
